
Microsoft Visual Studio Solution File, Format Version 12.00
# Visual Studio Version 17
VisualStudioVersion = 17.5.33627.172
MinimumVisualStudioVersion = 10.0.40219.1
Project("{9A19103F-16F7-4668-BE54-9A1E7A4F7556}") = "MeusAfazeres", "MeusAfazeres.csproj", "{F00FD915-A3B6-453C-B383-CBA9E43C36B5}"
EndProject
Global
	GlobalSection(SolutionConfigurationPlatforms) = preSolution
		Debug|Any CPU = Debug|Any CPU
		Release|Any CPU = Release|Any CPU
	EndGlobalSection
	GlobalSection(ProjectConfigurationPlatforms) = postSolution
		{F00FD915-A3B6-453C-B383-CBA9E43C36B5}.Debug|Any CPU.ActiveCfg = Debug|Any CPU
		{F00FD915-A3B6-453C-B383-CBA9E43C36B5}.Debug|Any CPU.Build.0 = Debug|Any CPU
		{F00FD915-A3B6-453C-B383-CBA9E43C36B5}.Release|Any CPU.ActiveCfg = Release|Any CPU
		{F00FD915-A3B6-453C-B383-CBA9E43C36B5}.Release|Any CPU.Build.0 = Release|Any CPU
	EndGlobalSection
	GlobalSection(SolutionProperties) = preSolution
		HideSolutionNode = FALSE
	EndGlobalSection
	GlobalSection(ExtensibilityGlobals) = postSolution
		SolutionGuid = {4961E47C-5643-42FB-86B7-90A075AFE1E3}
	EndGlobalSection
EndGlobal
